
Microsoft Visual Studio Solution File, Format Version 12.00
# Visual Studio Version 17
VisualStudioVersion = 17.8.34330.188
MinimumVisualStudioVersion = 10.0.40219.1
Project("{9A19103F-16F7-4668-BE54-9A1E7A4F7556}") = "RepositoryPatternWithUOW.Api", "RepositoryPatternWithUOW.Api\RepositoryPatternWithUOW.Api.csproj", "{DAABD868-31AE-46EC-985D-2969F7B1A1C7}"
EndProject
Project("{FAE04EC0-301F-11D3-BF4B-00C04F79EFBC}") = "RepositoryPatternWithUOW.Core", "RepositoryPatternWithUOW.Core\RepositoryPatternWithUOW.Core.csproj", "{27306463-39B3-45C8-9BEB-C772D339C7A8}"
EndProject
Project("{FAE04EC0-301F-11D3-BF4B-00C04F79EFBC}") = "RepositoryPatternWithUOW.Ef", "RepositoryPatternWithUOW.Ef\RepositoryPatternWithUOW.Ef.csproj", "{18A946EB-7EB5-4253-B1C3-F5403800F697}"
EndProject
Global
	GlobalSection(SolutionConfigurationPlatforms) = preSolution
		Debug|Any CPU = Debug|Any CPU
		Release|Any CPU = Release|Any CPU
	EndGlobalSection
	GlobalSection(ProjectConfigurationPlatforms) = postSolution
		{DAABD868-31AE-46EC-985D-2969F7B1A1C7}.Debug|Any CPU.ActiveCfg = Debug|Any CPU
		{DAABD868-31AE-46EC-985D-2969F7B1A1C7}.Debug|Any CPU.Build.0 = Debug|Any CPU
		{DAABD868-31AE-46EC-985D-2969F7B1A1C7}.Release|Any CPU.ActiveCfg = Release|Any CPU
		{DAABD868-31AE-46EC-985D-2969F7B1A1C7}.Release|Any CPU.Build.0 = Release|Any CPU
		{27306463-39B3-45C8-9BEB-C772D339C7A8}.Debug|Any CPU.ActiveCfg = Debug|Any CPU
		{27306463-39B3-45C8-9BEB-C772D339C7A8}.Debug|Any CPU.Build.0 = Debug|Any CPU
		{27306463-39B3-45C8-9BEB-C772D339C7A8}.Release|Any CPU.ActiveCfg = Release|Any CPU
		{27306463-39B3-45C8-9BEB-C772D339C7A8}.Release|Any CPU.Build.0 = Release|Any CPU
		{18A946EB-7EB5-4253-B1C3-F5403800F697}.Debug|Any CPU.ActiveCfg = Debug|Any CPU
		{18A946EB-7EB5-4253-B1C3-F5403800F697}.Debug|Any CPU.Build.0 = Debug|Any CPU
		{18A946EB-7EB5-4253-B1C3-F5403800F697}.Release|Any CPU.ActiveCfg = Release|Any CPU
		{18A946EB-7EB5-4253-B1C3-F5403800F697}.Release|Any CPU.Build.0 = Release|Any CPU
	EndGlobalSection
	GlobalSection(SolutionProperties) = preSolution
		HideSolutionNode = FALSE
	EndGlobalSection
	GlobalSection(ExtensibilityGlobals) = postSolution
		SolutionGuid = {5463DCBA-2821-4E59-9BE9-D5745C49B51D}
	EndGlobalSection
EndGlobal
